
Microsoft Visual Studio Solution File, Format Version 12.00
# Visual Studio 15
VisualStudioVersion = 15.0.27428.2002
MinimumVisualStudioVersion = 10.0.40219.1
Project("{FAE04EC0-301F-11D3-BF4B-00C04F79EFBC}") = "fifo", "fifo\fifo.csproj", "{0EA5844D-08CF-434D-87EF-C46E39669F2A}"
EndProject
Global
	GlobalSection(SolutionConfigurationPlatforms) = preSolution
		Debug|Any CPU = Debug|Any CPU
		Release|Any CPU = Release|Any CPU
	EndGlobalSection
	GlobalSection(ProjectConfigurationPlatforms) = postSolution
		{0EA5844D-08CF-434D-87EF-C46E39669F2A}.Debug|Any CPU.ActiveCfg = Debug|Any CPU
		{0EA5844D-08CF-434D-87EF-C46E39669F2A}.Debug|Any CPU.Build.0 = Debug|Any CPU
		{0EA5844D-08CF-434D-87EF-C46E39669F2A}.Release|Any CPU.ActiveCfg = Release|Any CPU
		{0EA5844D-08CF-434D-87EF-C46E39669F2A}.Release|Any CPU.Build.0 = Release|Any CPU
	EndGlobalSection
	GlobalSection(SolutionProperties) = preSolution
		HideSolutionNode = FALSE
	EndGlobalSection
	GlobalSection(ExtensibilityGlobals) = postSolution
		SolutionGuid = {5712D0BC-1F21-484C-B1E9-DE3DBDC14502}
	EndGlobalSection
EndGlobal
